{
  "name": "@autospace/util",
  "version": "1.0.0",
  "lockfileVersion": 3,
  "requires": true,
  "packages": {
    "": {
      "name": "@autospace/util",
      "version": "1.0.0",
      "license": "MIT",
      "dependencies": {
        "@autospace/util": "file:"
      }
    },
    "node_modules/@autospace/util": {
      "resolved": "",
      "link": true
    }
  }
}
