{
  "name": "@autospace/sample-lib",
  "version": "1.0.0",
  "lockfileVersion": 3,
  "requires": true,
  "packages": {
    "": {
      "name": "@autospace/sample-lib",
      "version": "1.0.0",
      "license": "ISC",
      "dependencies": {
        "@autospace/sample-lib": "file:"
      }
    },
    "node_modules/@autospace/sample-lib": {
      "resolved": "",
      "link": true
    }
  }
}
